
Microsoft Visual Studio Solution File, Format Version 12.00
# Visual Studio 15
VisualStudioVersion = 15.0.27130.2003
MinimumVisualStudioVersion = 10.0.40219.1
Project("{FAE04EC0-301F-11D3-BF4B-00C04F79EFBC}") = "Design Patterns 2", "ConsoleApp1\Design Patterns 2.csproj", "{207D6C5F-D4D4-444B-8078-41D1BCA121CA}"
EndProject
Global
	GlobalSection(SolutionConfigurationPlatforms) = preSolution
		Debug|Any CPU = Debug|Any CPU
		Release|Any CPU = Release|Any CPU
	EndGlobalSection
	GlobalSection(ProjectConfigurationPlatforms) = postSolution
		{207D6C5F-D4D4-444B-8078-41D1BCA121CA}.Debug|Any CPU.ActiveCfg = Debug|Any CPU
		{207D6C5F-D4D4-444B-8078-41D1BCA121CA}.Debug|Any CPU.Build.0 = Debug|Any CPU
		{207D6C5F-D4D4-444B-8078-41D1BCA121CA}.Release|Any CPU.ActiveCfg = Release|Any CPU
		{207D6C5F-D4D4-444B-8078-41D1BCA121CA}.Release|Any CPU.Build.0 = Release|Any CPU
	EndGlobalSection
	GlobalSection(SolutionProperties) = preSolution
		HideSolutionNode = FALSE
	EndGlobalSection
	GlobalSection(ExtensibilityGlobals) = postSolution
		SolutionGuid = {1E7BAAFA-DFF8-47C5-918C-D4F1004210B5}
	EndGlobalSection
EndGlobal
